
Microsoft Visual Studio Solution File, Format Version 12.00
# Visual Studio 2017
Project("{FAE04EC0-301F-11D3-BF4B-00C04F79EFBC}") = "LocalDate", "LocalDate.csproj", "{EAD02764-C4DB-43DD-B4B2-8B7937835BAE}"
EndProject
Global
	GlobalSection(SolutionConfigurationPlatforms) = preSolution
		Debug|Any CPU = Debug|Any CPU
		Release|Any CPU = Release|Any CPU
	EndGlobalSection
	GlobalSection(ProjectConfigurationPlatforms) = postSolution
		{EAD02764-C4DB-43DD-B4B2-8B7937835BAE}.Debug|Any CPU.ActiveCfg = Debug|Any CPU
		{EAD02764-C4DB-43DD-B4B2-8B7937835BAE}.Debug|Any CPU.Build.0 = Debug|Any CPU
		{EAD02764-C4DB-43DD-B4B2-8B7937835BAE}.Release|Any CPU.ActiveCfg = Release|Any CPU
		{EAD02764-C4DB-43DD-B4B2-8B7937835BAE}.Release|Any CPU.Build.0 = Release|Any CPU
	EndGlobalSection
EndGlobal
